
Microsoft Visual Studio Solution File, Format Version 12.00
# Visual Studio Version 17
VisualStudioVersion = 17.8.34525.116
MinimumVisualStudioVersion = 10.0.40219.1
Project("{FAE04EC0-301F-11D3-BF4B-00C04F79EFBC}") = "Part 2_Prog6221_ST10030780", "Part 2_Prog6221_ST10030780\Part 2_Prog6221_ST10030780.csproj", "{500844FA-0CDD-446D-9FE3-B2AA20830690}"
EndProject
Global
	GlobalSection(SolutionConfigurationPlatforms) = preSolution
		Debug|Any CPU = Debug|Any CPU
		Release|Any CPU = Release|Any CPU
	EndGlobalSection
	GlobalSection(ProjectConfigurationPlatforms) = postSolution
		{500844FA-0CDD-446D-9FE3-B2AA20830690}.Debug|Any CPU.ActiveCfg = Debug|Any CPU
		{500844FA-0CDD-446D-9FE3-B2AA20830690}.Debug|Any CPU.Build.0 = Debug|Any CPU
		{500844FA-0CDD-446D-9FE3-B2AA20830690}.Release|Any CPU.ActiveCfg = Release|Any CPU
		{500844FA-0CDD-446D-9FE3-B2AA20830690}.Release|Any CPU.Build.0 = Release|Any CPU
	EndGlobalSection
	GlobalSection(SolutionProperties) = preSolution
		HideSolutionNode = FALSE
	EndGlobalSection
	GlobalSection(ExtensibilityGlobals) = postSolution
		SolutionGuid = {4A657FAD-A074-43EB-86CF-6D2FC00D4C2B}
	EndGlobalSection
EndGlobal
